// !$*UTF8*$!
{
	archiveVersion = 1;
	classes = {
	};
	objectVersion = 55;
	objects = {

/* Begin PBXBuildFile section */
		D7E06055276756FA006AE048 /* ImageCache.swift in Sources */ = {isa = PBXBuildFile; fileRef = D7E06054276756FA006AE048 /* ImageCache.swift */; };
		D7E0605727675716006AE048 /* ImageURLProtocol.swift in Sources */ = {isa = PBXBuildFile; fileRef = D7E0605627675716006AE048 /* ImageURLProtocol.swift */; };
		D7E06059276757C2006AE048 /* MultiThreadHelper.swift in Sources */ = {isa = PBXBuildFile; fileRef = D7E06058276757C2006AE048 /* MultiThreadHelper.swift */; };
		D7E0605B276781C3006AE048 /* iTunesInfoCollectionViewCell.swift in Sources */ = {isa = PBXBuildFile; fileRef = D7E0605A276781C3006AE048 /* iTunesInfoCollectionViewCell.swift */; };
		D7E0605D276783F6006AE048 /* Theme.swift in Sources */ = {isa = PBXBuildFile; fileRef = D7E0605C276783F6006AE048 /* Theme.swift */; };
		D7E0606027679334006AE048 /* UISearchBar+Extension.swift in Sources */ = {isa = PBXBuildFile; fileRef = D7E0605F27679334006AE048 /* UISearchBar+Extension.swift */; };
		D7E060622767D010006AE048 /* iTunesInfoCollectionHeaderView.swift in Sources */ = {isa = PBXBuildFile; fileRef = D7E060612767D010006AE048 /* iTunesInfoCollectionHeaderView.swift */; };
		D7E4AD422763E85D00EBA998 /* SearchDetailViewController.swift in Sources */ = {isa = PBXBuildFile; fileRef = D7E4AD412763E85D00EBA998 /* SearchDetailViewController.swift */; };
		D7E4AD452763F0F000EBA998 /* iTunesSearchRouter.swift in Sources */ = {isa = PBXBuildFile; fileRef = D7E4AD442763F0F000EBA998 /* iTunesSearchRouter.swift */; };
		D7E4AD482763F13E00EBA998 /* SearchHomeViewModel.swift in Sources */ = {isa = PBXBuildFile; fileRef = D7E4AD472763F13E00EBA998 /* SearchHomeViewModel.swift */; };
		D7E4AD4A2763F15C00EBA998 /* SearchDetailViewModel.swift in Sources */ = {isa = PBXBuildFile; fileRef = D7E4AD492763F15C00EBA998 /* SearchDetailViewModel.swift */; };
		D7E4AD4C2763F2EF00EBA998 /* iTunesSearchDataController.swift in Sources */ = {isa = PBXBuildFile; fileRef = D7E4AD4B2763F2EF00EBA998 /* iTunesSearchDataController.swift */; };
		D7E4AD4E2763FC5E00EBA998 /* URLSession+Extension.swift in Sources */ = {isa = PBXBuildFile; fileRef = D7E4AD4D2763FC5E00EBA998 /* URLSession+Extension.swift */; };
		D7E4AD502763FE1F00EBA998 /* NetworkConfiguration.swift in Sources */ = {isa = PBXBuildFile; fileRef = D7E4AD4F2763FE1F00EBA998 /* NetworkConfiguration.swift */; };
		D7E4AD52276400BC00EBA998 /* iTunesDataModel.swift in Sources */ = {isa = PBXBuildFile; fileRef = D7E4AD51276400BC00EBA998 /* iTunesDataModel.swift */; };
		D7E4AD5427648E2A00EBA998 /* iTunesSearchDataProtocol.swift in Sources */ = {isa = PBXBuildFile; fileRef = D7E4AD5327648E2A00EBA998 /* iTunesSearchDataProtocol.swift */; };
		D7FF5A512763BC4500B8181A /* AppDelegate.swift in Sources */ = {isa = PBXBuildFile; fileRef = D7FF5A502763BC4500B8181A /* AppDelegate.swift */; };
		D7FF5A532763BC4500B8181A /* SceneDelegate.swift in Sources */ = {isa = PBXBuildFile; fileRef = D7FF5A522763BC4500B8181A /* SceneDelegate.swift */; };
		D7FF5A552763BC4500B8181A /* SearchHomeViewController.swift in Sources */ = {isa = PBXBuildFile; fileRef = D7FF5A542763BC4500B8181A /* SearchHomeViewController.swift */; };
		D7FF5A582763BC4500B8181A /* Main.storyboard in Resources */ = {isa = PBXBuildFile; fileRef = D7FF5A562763BC4500B8181A /* Main.storyboard */; };
		D7FF5A5A2763BC4600B8181A /* Assets.xcassets in Resources */ = {isa = PBXBuildFile; fileRef = D7FF5A592763BC4600B8181A /* Assets.xcassets */; };
		D7FF5A5D2763BC4600B8181A /* LaunchScreen.storyboard in Resources */ = {isa = PBXBuildFile; fileRef = D7FF5A5B2763BC4600B8181A /* LaunchScreen.storyboard */; };
		D7FF5A682763BC4600B8181A /* iTunesSearchTests.swift in Sources */ = {isa = PBXBuildFile; fileRef = D7FF5A672763BC4600B8181A /* iTunesSearchTests.swift */; };
		D7FF5A722763BC4600B8181A /* iTunesSearchUITests.swift in Sources */ = {isa = PBXBuildFile; fileRef = D7FF5A712763BC4600B8181A /* iTunesSearchUITests.swift */; };
		D7FF5A742763BC4600B8181A /* iTunesSearchUITestsLaunchTests.swift in Sources */ = {isa = PBXBuildFile; fileRef = D7FF5A732763BC4600B8181A /* iTunesSearchUITestsLaunchTests.swift */; };
/* End PBXBuildFile section */

/* Begin PBXContainerItemProxy section */
		D7FF5A642763BC4600B8181A /* PBXContainerItemProxy */ = {
			isa = PBXContainerItemProxy;
			containerPortal = D7FF5A452763BC4500B8181A /* Project object */;
			proxyType = 1;
			remoteGlobalIDString = D7FF5A4C2763BC4500B8181A;
			remoteInfo = iTunesSearch;
		};
		D7FF5A6E2763BC4600B8181A /* PBXContainerItemProxy */ = {
			isa = PBXContainerItemProxy;
			containerPortal = D7FF5A452763BC4500B8181A /* Project object */;
			proxyType = 1;
			remoteGlobalIDString = D7FF5A4C2763BC4500B8181A;
			remoteInfo = iTunesSearch;
		};
/* End PBXContainerItemProxy section */

/* Begin PBXFileReference section */
		D7E06054276756FA006AE048 /* ImageCache.swift */ = {isa = PBXFileReference; lastKnownFileType = sourcecode.swift; path = ImageCache.swift; sourceTree = "<group>"; };
		D7E0605627675716006AE048 /* ImageURLProtocol.swift */ = {isa = PBXFileReference; lastKnownFileType = sourcecode.swift; path = ImageURLProtocol.swift; sourceTree = "<group>"; };
		D7E06058276757C2006AE048 /* MultiThreadHelper.swift */ = {isa = PBXFileReference; lastKnownFileType = sourcecode.swift; path = MultiThreadHelper.swift; sourceTree = "<group>"; };
		D7E0605A276781C3006AE048 /* iTunesInfoCollectionViewCell.swift */ = {isa = PBXFileReference; lastKnownFileType = sourcecode.swift; path = iTunesInfoCollectionViewCell.swift; sourceTree = "<group>"; };
		D7E0605C276783F6006AE048 /* Theme.swift */ = {isa = PBXFileReference; lastKnownFileType = sourcecode.swift; path = Theme.swift; sourceTree = "<group>"; };
		D7E0605F27679334006AE048 /* UISearchBar+Extension.swift */ = {isa = PBXFileReference; lastKnownFileType = sourcecode.swift; path = "UISearchBar+Extension.swift"; sourceTree = "<group>"; };
		D7E060612767D010006AE048 /* iTunesInfoCollectionHeaderView.swift */ = {isa = PBXFileReference; lastKnownFileType = sourcecode.swift; path = iTunesInfoCollectionHeaderView.swift; sourceTree = "<group>"; };
		D7E4AD412763E85D00EBA998 /* SearchDetailViewController.swift */ = {isa = PBXFileReference; lastKnownFileType = sourcecode.swift; path = SearchDetailViewController.swift; sourceTree = "<group>"; };
		D7E4AD442763F0F000EBA998 /* iTunesSearchRouter.swift */ = {isa = PBXFileReference; lastKnownFileType = sourcecode.swift; path = iTunesSearchRouter.swift; sourceTree = "<group>"; };
		D7E4AD472763F13E00EBA998 /* SearchHomeViewModel.swift */ = {isa = PBXFileReference; lastKnownFileType = sourcecode.swift; path = SearchHomeViewModel.swift; sourceTree = "<group>"; };
		D7E4AD492763F15C00EBA998 /* SearchDetailViewModel.swift */ = {isa = PBXFileReference; lastKnownFileType = sourcecode.swift; path = SearchDetailViewModel.swift; sourceTree = "<group>"; };
		D7E4AD4B2763F2EF00EBA998 /* iTunesSearchDataController.swift */ = {isa = PBXFileReference; lastKnownFileType = sourcecode.swift; path = iTunesSearchDataController.swift; sourceTree = "<group>"; };
		D7E4AD4D2763FC5E00EBA998 /* URLSession+Extension.swift */ = {isa = PBXFileReference; lastKnownFileType = sourcecode.swift; path = "URLSession+Extension.swift"; sourceTree = "<group>"; };
		D7E4AD4F2763FE1F00EBA998 /* NetworkConfiguration.swift */ = {isa = PBXFileReference; lastKnownFileType = sourcecode.swift; path = NetworkConfiguration.swift; sourceTree = "<group>"; };
		D7E4AD51276400BC00EBA998 /* iTunesDataModel.swift */ = {isa = PBXFileReference; lastKnownFileType = sourcecode.swift; path = iTunesDataModel.swift; sourceTree = "<group>"; };
		D7E4AD5327648E2A00EBA998 /* iTunesSearchDataProtocol.swift */ = {isa = PBXFileReference; lastKnownFileType = sourcecode.swift; path = iTunesSearchDataProtocol.swift; sourceTree = "<group>"; };
		D7FF5A4D2763BC4500B8181A /* iTunesSearch.app */ = {isa = PBXFileReference; explicitFileType = wrapper.application; includeInIndex = 0; path = iTunesSearch.app; sourceTree = BUILT_PRODUCTS_DIR; };
		D7FF5A502763BC4500B8181A /* AppDelegate.swift */ = {isa = PBXFileReference; lastKnownFileType = sourcecode.swift; path = AppDelegate.swift; sourceTree = "<group>"; };
		D7FF5A522763BC4500B8181A /* SceneDelegate.swift */ = {isa = PBXFileReference; lastKnownFileType = sourcecode.swift; path = SceneDelegate.swift; sourceTree = "<group>"; };
		D7FF5A542763BC4500B8181A /* SearchHomeViewController.swift */ = {isa = PBXFileReference; lastKnownFileType = sourcecode.swift; path = SearchHomeViewController.swift; sourceTree = "<group>"; };
		D7FF5A572763BC4500B8181A /* Base */ = {isa = PBXFileReference; lastKnownFileType = file.storyboard; name = Base; path = Base.lproj/Main.storyboard; sourceTree = "<group>"; };
		D7FF5A592763BC4600B8181A /* Assets.xcassets */ = {isa = PBXFileReference; lastKnownFileType = folder.assetcatalog; path = Assets.xcassets; sourceTree = "<group>"; };
		D7FF5A5C2763BC4600B8181A /* Base */ = {isa = PBXFileReference; lastKnownFileType = file.storyboard; name = Base; path = Base.lproj/LaunchScreen.storyboard; sourceTree = "<group>"; };
		D7FF5A5E2763BC4600B8181A /* Info.plist */ = {isa = PBXFileReference; lastKnownFileType = text.plist.xml; path = Info.plist; sourceTree = "<group>"; };
		D7FF5A632763BC4600B8181A /* iTunesSearchTests.xctest */ = {isa = PBXFileReference; explicitFileType = wrapper.cfbundle; includeInIndex = 0; path = iTunesSearchTests.xctest; sourceTree = BUILT_PRODUCTS_DIR; };
		D7FF5A672763BC4600B8181A /* iTunesSearchTests.swift */ = {isa = PBXFileReference; lastKnownFileType = sourcecode.swift; path = iTunesSearchTests.swift; sourceTree = "<group>"; };
		D7FF5A6D2763BC4600B8181A /* iTunesSearchUITests.xctest */ = {isa = PBXFileReference; explicitFileType = wrapper.cfbundle; includeInIndex = 0; path = iTunesSearchUITests.xctest; sourceTree = BUILT_PRODUCTS_DIR; };
		D7FF5A712763BC4600B8181A /* iTunesSearchUITests.swift */ = {isa = PBXFileReference; lastKnownFileType = sourcecode.swift; path = iTunesSearchUITests.swift; sourceTree = "<group>"; };
		D7FF5A732763BC4600B8181A /* iTunesSearchUITestsLaunchTests.swift */ = {isa = PBXFileReference; lastKnownFileType = sourcecode.swift; path = iTunesSearchUITestsLaunchTests.swift; sourceTree = "<group>"; };
/* End PBXFileReference section */

/* Begin PBXFrameworksBuildPhase section */
		D7FF5A4A2763BC4500B8181A /* Frameworks */ = {
			isa = PBXFrameworksBuildPhase;
			buildActionMask = 2147483647;
			files = (
			);
			runOnlyForDeploymentPostprocessing = 0;
		};
		D7FF5A602763BC4600B8181A /* Frameworks */ = {
			isa = PBXFrameworksBuildPhase;
			buildActionMask = 2147483647;
			files = (
			);
			runOnlyForDeploymentPostprocessing = 0;
		};
		D7FF5A6A2763BC4600B8181A /* Frameworks */ = {
			isa = PBXFrameworksBuildPhase;
			buildActionMask = 2147483647;
			files = (
			);
			runOnlyForDeploymentPostprocessing = 0;
		};
/* End PBXFrameworksBuildPhase section */

/* Begin PBXGroup section */
		D7E06052276756DA006AE048 /* Helper */ = {
			isa = PBXGroup;
			children = (
				D7E06053276756E6006AE048 /* ImageHelper */,
				D7E06058276757C2006AE048 /* MultiThreadHelper.swift */,
			);
			path = Helper;
			sourceTree = "<group>";
		};
		D7E06053276756E6006AE048 /* ImageHelper */ = {
			isa = PBXGroup;
			children = (
				D7E06054276756FA006AE048 /* ImageCache.swift */,
				D7E0605627675716006AE048 /* ImageURLProtocol.swift */,
			);
			path = ImageHelper;
			sourceTree = "<group>";
		};
		D7E0605E27679318006AE048 /* Extension */ = {
			isa = PBXGroup;
			children = (
				D7E0605F27679334006AE048 /* UISearchBar+Extension.swift */,
			);
			path = Extension;
			sourceTree = "<group>";
		};
		D7E4AD3B2763E55800EBA998 /* iTunesSearchModule */ = {
			isa = PBXGroup;
			children = (
				D7E4AD462763F12600EBA998 /* ViewModels */,
				D7E4AD3E2763E76400EBA998 /* Router */,
				D7E4AD3D2763E75D00EBA998 /* Data */,
				D7E4AD3C2763E75600EBA998 /* Screens */,
			);
			path = iTunesSearchModule;
			sourceTree = "<group>";
		};
		D7E4AD3C2763E75600EBA998 /* Screens */ = {
			isa = PBXGroup;
			children = (
				D7FF5A542763BC4500B8181A /* SearchHomeViewController.swift */,
				D7E4AD412763E85D00EBA998 /* SearchDetailViewController.swift */,
				D7E0605A276781C3006AE048 /* iTunesInfoCollectionViewCell.swift */,
				D7E060612767D010006AE048 /* iTunesInfoCollectionHeaderView.swift */,
			);
			path = Screens;
			sourceTree = "<group>";
		};
		D7E4AD3D2763E75D00EBA998 /* Data */ = {
			isa = PBXGroup;
			children = (
				D7E4AD4B2763F2EF00EBA998 /* iTunesSearchDataController.swift */,
				D7E4AD51276400BC00EBA998 /* iTunesDataModel.swift */,
				D7E4AD5327648E2A00EBA998 /* iTunesSearchDataProtocol.swift */,
			);
			path = Data;
			sourceTree = "<group>";
		};
		D7E4AD3E2763E76400EBA998 /* Router */ = {
			isa = PBXGroup;
			children = (
				D7E4AD442763F0F000EBA998 /* iTunesSearchRouter.swift */,
			);
			path = Router;
			sourceTree = "<group>";
		};
		D7E4AD3F2763E7AE00EBA998 /* Networking */ = {
			isa = PBXGroup;
			children = (
				D7E4AD4D2763FC5E00EBA998 /* URLSession+Extension.swift */,
				D7E4AD4F2763FE1F00EBA998 /* NetworkConfiguration.swift */,
			);
			path = Networking;
			sourceTree = "<group>";
		};
		D7E4AD402763E7BA00EBA998 /* Style */ = {
			isa = PBXGroup;
			children = (
				D7E0605C276783F6006AE048 /* Theme.swift */,
			);
			path = Style;
			sourceTree = "<group>";
		};
		D7E4AD432763EB1200EBA998 /* Supporting Files */ = {
			isa = PBXGroup;
			children = (
				D7FF5A502763BC4500B8181A /* AppDelegate.swift */,
				D7FF5A522763BC4500B8181A /* SceneDelegate.swift */,
				D7FF5A562763BC4500B8181A /* Main.storyboard */,
				D7FF5A592763BC4600B8181A /* Assets.xcassets */,
				D7FF5A5B2763BC4600B8181A /* LaunchScreen.storyboard */,
			);
			path = "Supporting Files";
			sourceTree = "<group>";
		};
		D7E4AD462763F12600EBA998 /* ViewModels */ = {
			isa = PBXGroup;
			children = (
				D7E4AD472763F13E00EBA998 /* SearchHomeViewModel.swift */,
				D7E4AD492763F15C00EBA998 /* SearchDetailViewModel.swift */,
			);
			path = ViewModels;
			sourceTree = "<group>";
		};
		D7FF5A442763BC4500B8181A = {
			isa = PBXGroup;
			children = (
				D7FF5A4F2763BC4500B8181A /* iTunesSearch */,
				D7FF5A662763BC4600B8181A /* iTunesSearchTests */,
				D7FF5A702763BC4600B8181A /* iTunesSearchUITests */,
				D7FF5A4E2763BC4500B8181A /* Products */,
			);
			sourceTree = "<group>";
		};
		D7FF5A4E2763BC4500B8181A /* Products */ = {
			isa = PBXGroup;
			children = (
				D7FF5A4D2763BC4500B8181A /* iTunesSearch.app */,
				D7FF5A632763BC4600B8181A /* iTunesSearchTests.xctest */,
				D7FF5A6D2763BC4600B8181A /* iTunesSearchUITests.xctest */,
			);
			name = Products;
			sourceTree = "<group>";
		};
		D7FF5A4F2763BC4500B8181A /* iTunesSearch */ = {
			isa = PBXGroup;
			children = (
				D7E0605E27679318006AE048 /* Extension */,
				D7E06052276756DA006AE048 /* Helper */,
				D7E4AD3B2763E55800EBA998 /* iTunesSearchModule */,
				D7E4AD3F2763E7AE00EBA998 /* Networking */,
				D7E4AD402763E7BA00EBA998 /* Style */,
				D7E4AD432763EB1200EBA998 /* Supporting Files */,
				D7FF5A5E2763BC4600B8181A /* Info.plist */,
			);
			path = iTunesSearch;
			sourceTree = "<group>";
		};
		D7FF5A662763BC4600B8181A /* iTunesSearchTests */ = {
			isa = PBXGroup;
			children = (
				D7FF5A672763BC4600B8181A /* iTunesSearchTests.swift */,
			);
			path = iTunesSearchTests;
			sourceTree = "<group>";
		};
		D7FF5A702763BC4600B8181A /* iTunesSearchUITests */ = {
			isa = PBXGroup;
			children = (
				D7FF5A712763BC4600B8181A /* iTunesSearchUITests.swift */,
				D7FF5A732763BC4600B8181A /* iTunesSearchUITestsLaunchTests.swift */,
			);
			path = iTunesSearchUITests;
			sourceTree = "<group>";
		};
/* End PBXGroup section */

/* Begin PBXNativeTarget section */
		D7FF5A4C2763BC4500B8181A /* iTunesSearch */ = {
			isa = PBXNativeTarget;
			buildConfigurationList = D7FF5A772763BC4600B8181A /* Build configuration list for PBXNativeTarget "iTunesSearch" */;
			buildPhases = (
				D7FF5A492763BC4500B8181A /* Sources */,
				D7FF5A4A2763BC4500B8181A /* Frameworks */,
				D7FF5A4B2763BC4500B8181A /* Resources */,
			);
			buildRules = (
			);
			dependencies = (
			);
			name = iTunesSearch;
			productName = iTunesSearch;
			productReference = D7FF5A4D2763BC4500B8181A /* iTunesSearch.app */;
			productType = "com.apple.product-type.application";
		};
		D7FF5A622763BC4600B8181A /* iTunesSearchTests */ = {
			isa = PBXNativeTarget;
			buildConfigurationList = D7FF5A7A2763BC4600B8181A /* Build configuration list for PBXNativeTarget "iTunesSearchTests" */;
			buildPhases = (
				D7FF5A5F2763BC4600B8181A /* Sources */,
				D7FF5A602763BC4600B8181A /* Frameworks */,
				D7FF5A612763BC4600B8181A /* Resources */,
			);
			buildRules = (
			);
			dependencies = (
				D7FF5A652763BC4600B8181A /* PBXTargetDependency */,
			);
			name = iTunesSearchTests;
			productName = iTunesSearchTests;
			productReference = D7FF5A632763BC4600B8181A /* iTunesSearchTests.xctest */;
			productType = "com.apple.product-type.bundle.unit-test";
		};
		D7FF5A6C2763BC4600B8181A /* iTunesSearchUITests */ = {
			isa = PBXNativeTarget;
			buildConfigurationList = D7FF5A7D2763BC4600B8181A /* Build configuration list for PBXNativeTarget "iTunesSearchUITests" */;
			buildPhases = (
				D7FF5A692763BC4600B8181A /* Sources */,
				D7FF5A6A2763BC4600B8181A /* Frameworks */,
				D7FF5A6B2763BC4600B8181A /* Resources */,
			);
			buildRules = (
			);
			dependencies = (
				D7FF5A6F2763BC4600B8181A /* PBXTargetDependency */,
			);
			name = iTunesSearchUITests;
			productName = iTunesSearchUITests;
			productReference = D7FF5A6D2763BC4600B8181A /* iTunesSearchUITests.xctest */;
			productType = "com.apple.product-type.bundle.ui-testing";
		};
/* End PBXNativeTarget section */

/* Begin PBXProject section */
		D7FF5A452763BC4500B8181A /* Project object */ = {
			isa = PBXProject;
			attributes = {
				BuildIndependentTargetsInParallel = 1;
				LastSwiftUpdateCheck = 1310;
				LastUpgradeCheck = 1310;
				TargetAttributes = {
					D7FF5A4C2763BC4500B8181A = {
						CreatedOnToolsVersion = 13.1;
					};
					D7FF5A622763BC4600B8181A = {
						CreatedOnToolsVersion = 13.1;
						TestTargetID = D7FF5A4C2763BC4500B8181A;
					};
					D7FF5A6C2763BC4600B8181A = {
						CreatedOnToolsVersion = 13.1;
						TestTargetID = D7FF5A4C2763BC4500B8181A;
					};
				};
			};
			buildConfigurationList = D7FF5A482763BC4500B8181A /* Build configuration list for PBXProject "iTunesSearch" */;
			compatibilityVersion = "Xcode 13.0";
			developmentRegion = en;
			hasScannedForEncodings = 0;
			knownRegions = (
				en,
				Base,
			);
			mainGroup = D7FF5A442763BC4500B8181A;
			productRefGroup = D7FF5A4E2763BC4500B8181A /* Products */;
			projectDirPath = "";
			projectRoot = "";
			targets = (
				D7FF5A4C2763BC4500B8181A /* iTunesSearch */,
				D7FF5A622763BC4600B8181A /* iTunesSearchTests */,
				D7FF5A6C2763BC4600B8181A /* iTunesSearchUITests */,
			);
		};
/* End PBXProject section */

/* Begin PBXResourcesBuildPhase section */
		D7FF5A4B2763BC4500B8181A /* Resources */ = {
			isa = PBXResourcesBuildPhase;
			buildActionMask = 2147483647;
			files = (
				D7FF5A5D2763BC4600B8181A /* LaunchScreen.storyboard in Resources */,
				D7FF5A5A2763BC4600B8181A /* Assets.xcassets in Resources */,
				D7FF5A582763BC4500B8181A /* Main.storyboard in Resources */,
			);
			runOnlyForDeploymentPostprocessing = 0;
		};
		D7FF5A612763BC4600B8181A /* Resources */ = {
			isa = PBXResourcesBuildPhase;
			buildActionMask = 2147483647;
			files = (
			);
			runOnlyForDeploymentPostprocessing = 0;
		};
		D7FF5A6B2763BC4600B8181A /* Resources */ = {
			isa = PBXResourcesBuildPhase;
			buildActionMask = 2147483647;
			files = (
			);
			runOnlyForDeploymentPostprocessing = 0;
		};
/* End PBXResourcesBuildPhase section */

/* Begin PBXSourcesBuildPhase section */
		D7FF5A492763BC4500B8181A /* Sources */ = {
			isa = PBXSourcesBuildPhase;
			buildActionMask = 2147483647;
			files = (
				D7E4AD52276400BC00EBA998 /* iTunesDataModel.swift in Sources */,
				D7E06055276756FA006AE048 /* ImageCache.swift in Sources */,
				D7E4AD4E2763FC5E00EBA998 /* URLSession+Extension.swift in Sources */,
				D7E4AD502763FE1F00EBA998 /* NetworkConfiguration.swift in Sources */,
				D7FF5A552763BC4500B8181A /* SearchHomeViewController.swift in Sources */,
				D7FF5A512763BC4500B8181A /* AppDelegate.swift in Sources */,
				D7E4AD4A2763F15C00EBA998 /* SearchDetailViewModel.swift in Sources */,
				D7E4AD422763E85D00EBA998 /* SearchDetailViewController.swift in Sources */,
				D7E0605B276781C3006AE048 /* iTunesInfoCollectionViewCell.swift in Sources */,
				D7FF5A532763BC4500B8181A /* SceneDelegate.swift in Sources */,
				D7E0605727675716006AE048 /* ImageURLProtocol.swift in Sources */,
				D7E4AD452763F0F000EBA998 /* iTunesSearchRouter.swift in Sources */,
				D7E06059276757C2006AE048 /* MultiThreadHelper.swift in Sources */,
				D7E4AD4C2763F2EF00EBA998 /* iTunesSearchDataController.swift in Sources */,
				D7E4AD482763F13E00EBA998 /* SearchHomeViewModel.swift in Sources */,
				D7E4AD5427648E2A00EBA998 /* iTunesSearchDataProtocol.swift in Sources */,
				D7E0606027679334006AE048 /* UISearchBar+Extension.swift in Sources */,
				D7E0605D276783F6006AE048 /* Theme.swift in Sources */,
				D7E060622767D010006AE048 /* iTunesInfoCollectionHeaderView.swift in Sources */,
			);
			runOnlyForDeploymentPostprocessing = 0;
		};
		D7FF5A5F2763BC4600B8181A /* Sources */ = {
			isa = PBXSourcesBuildPhase;
			buildActionMask = 2147483647;
			files = (
				D7FF5A682763BC4600B8181A /* iTunesSearchTests.swift in Sources */,
			);
			runOnlyForDeploymentPostprocessing = 0;
		};
		D7FF5A692763BC4600B8181A /* Sources */ = {
			isa = PBXSourcesBuildPhase;
			buildActionMask = 2147483647;
			files = (
				D7FF5A742763BC4600B8181A /* iTunesSearchUITestsLaunchTests.swift in Sources */,
				D7FF5A722763BC4600B8181A /* iTunesSearchUITests.swift in Sources */,
			);
			runOnlyForDeploymentPostprocessing = 0;
		};
/* End PBXSourcesBuildPhase section */

/* Begin PBXTargetDependency section */
		D7FF5A652763BC4600B8181A /* PBXTargetDependency */ = {
			isa = PBXTargetDependency;
			target = D7FF5A4C2763BC4500B8181A /* iTunesSearch */;
			targetProxy = D7FF5A642763BC4600B8181A /* PBXContainerItemProxy */;
		};
		D7FF5A6F2763BC4600B8181A /* PBXTargetDependency */ = {
			isa = PBXTargetDependency;
			target = D7FF5A4C2763BC4500B8181A /* iTunesSearch */;
			targetProxy = D7FF5A6E2763BC4600B8181A /* PBXContainerItemProxy */;
		};
/* End PBXTargetDependency section */

/* Begin PBXVariantGroup section */
		D7FF5A562763BC4500B8181A /* Main.storyboard */ = {
			isa = PBXVariantGroup;
			children = (
				D7FF5A572763BC4500B8181A /* Base */,
			);
			name = Main.storyboard;
			sourceTree = "<group>";
		};
		D7FF5A5B2763BC4600B8181A /* LaunchScreen.storyboard */ = {
			isa = PBXVariantGroup;
			children = (
				D7FF5A5C2763BC4600B8181A /* Base */,
			);
			name = LaunchScreen.storyboard;
			sourceTree = "<group>";
		};
/* End PBXVariantGroup section */

/* Begin XCBuildConfiguration section */
		D7FF5A752763BC4600B8181A /* Debug */ = {
			isa = XCBuildConfiguration;
			buildSettings = {
				ALWAYS_SEARCH_USER_PATHS = NO;
				CLANG_ANALYZER_NONNULL = YES;
				CLANG_ANALYZER_NUMBER_OBJECT_CONVERSION = YES_AGGRESSIVE;
				CLANG_CXX_LANGUAGE_STANDARD = "gnu++17";
				CLANG_CXX_LIBRARY = "libc++";
				CLANG_ENABLE_MODULES = YES;
				CLANG_ENABLE_OBJC_ARC = YES;
				CLANG_ENABLE_OBJC_WEAK = YES;
				CLANG_WARN_BLOCK_CAPTURE_AUTORELEASING = YES;
				CLANG_WARN_BOOL_CONVERSION = YES;
				CLANG_WARN_COMMA = YES;
				CLANG_WARN_CONSTANT_CONVERSION = YES;
				CLANG_WARN_DEPRECATED_OBJC_IMPLEMENTATIONS = YES;
				CLANG_WARN_DIRECT_OBJC_ISA_USAGE = YES_ERROR;
				CLANG_WARN_DOCUMENTATION_COMMENTS = YES;
				CLANG_WARN_EMPTY_BODY = YES;
				CLANG_WARN_ENUM_CONVERSION = YES;
				CLANG_WARN_INFINITE_RECURSION = YES;
				CLANG_WARN_INT_CONVERSION = YES;
				CLANG_WARN_NON_LITERAL_NULL_CONVERSION = YES;
				CLANG_WARN_OBJC_IMPLICIT_RETAIN_SELF = YES;
				CLANG_WARN_OBJC_LITERAL_CONVERSION = YES;
				CLANG_WARN_OBJC_ROOT_CLASS = YES_ERROR;
				CLANG_WARN_QUOTED_INCLUDE_IN_FRAMEWORK_HEADER = YES;
				CLANG_WARN_RANGE_LOOP_ANALYSIS = YES;
				CLANG_WARN_STRICT_PROTOTYPES = YES;
				CLANG_WARN_SUSPICIOUS_MOVE = YES;
				CLANG_WARN_UNGUARDED_AVAILABILITY = YES_AGGRESSIVE;
				CLANG_WARN_UNREACHABLE_CODE = YES;
				CLANG_WARN__DUPLICATE_METHOD_MATCH = YES;
				COPY_PHASE_STRIP = NO;
				DEBUG_INFORMATION_FORMAT = dwarf;
				ENABLE_STRICT_OBJC_MSGSEND = YES;
				ENABLE_TESTABILITY = YES;
				GCC_C_LANGUAGE_STANDARD = gnu11;
				GCC_DYNAMIC_NO_PIC = NO;
				GCC_NO_COMMON_BLOCKS = YES;
				GCC_OPTIMIZATION_LEVEL = 0;
				GCC_PREPROCESSOR_DEFINITIONS = (
					"DEBUG=1",
					"$(inherited)",
				);
				GCC_WARN_64_TO_32_BIT_CONVERSION = YES;
				GCC_WARN_ABOUT_RETURN_TYPE = YES_ERROR;
				GCC_WARN_UNDECLARED_SELECTOR = YES;
				GCC_WARN_UNINITIALIZED_AUTOS = YES_AGGRESSIVE;
				GCC_WARN_UNUSED_FUNCTION = YES;
				GCC_WARN_UNUSED_VARIABLE = YES;
				IPHONEOS_DEPLOYMENT_TARGET = 15.0;
				MTL_ENABLE_DEBUG_INFO = INCLUDE_SOURCE;
				MTL_FAST_MATH = YES;
				ONLY_ACTIVE_ARCH = YES;
				SDKROOT = iphoneos;
				SWIFT_ACTIVE_COMPILATION_CONDITIONS = DEBUG;
				SWIFT_OPTIMIZATION_LEVEL = "-Onone";
			};
			name = Debug;
		};
		D7FF5A762763BC4600B8181A /* Release */ = {
			isa = XCBuildConfiguration;
			buildSettings = {
				ALWAYS_SEARCH_USER_PATHS = NO;
				CLANG_ANALYZER_NONNULL = YES;
				CLANG_ANALYZER_NUMBER_OBJECT_CONVERSION = YES_AGGRESSIVE;
				CLANG_CXX_LANGUAGE_STANDARD = "gnu++17";
				CLANG_CXX_LIBRARY = "libc++";
				CLANG_ENABLE_MODULES = YES;
				CLANG_ENABLE_OBJC_ARC = YES;
				CLANG_ENABLE_OBJC_WEAK = YES;
				CLANG_WARN_BLOCK_CAPTURE_AUTORELEASING = YES;
				CLANG_WARN_BOOL_CONVERSION = YES;
				CLANG_WARN_COMMA = YES;
				CLANG_WARN_CONSTANT_CONVERSION = YES;
				CLANG_WARN_DEPRECATED_OBJC_IMPLEMENTATIONS = YES;
				CLANG_WARN_DIRECT_OBJC_ISA_USAGE = YES_ERROR;
				CLANG_WARN_DOCUMENTATION_COMMENTS = YES;
				CLANG_WARN_EMPTY_BODY = YES;
				CLANG_WARN_ENUM_CONVERSION = YES;
				CLANG_WARN_INFINITE_RECURSION = YES;
				CLANG_WARN_INT_CONVERSION = YES;
				CLANG_WARN_NON_LITERAL_NULL_CONVERSION = YES;
				CLANG_WARN_OBJC_IMPLICIT_RETAIN_SELF = YES;
				CLANG_WARN_OBJC_LITERAL_CONVERSION = YES;
				CLANG_WARN_OBJC_ROOT_CLASS = YES_ERROR;
				CLANG_WARN_QUOTED_INCLUDE_IN_FRAMEWORK_HEADER = YES;
				CLANG_WARN_RANGE_LOOP_ANALYSIS = YES;
				CLANG_WARN_STRICT_PROTOTYPES = YES;
				CLANG_WARN_SUSPICIOUS_MOVE = YES;
				CLANG_WARN_UNGUARDED_AVAILABILITY = YES_AGGRESSIVE;
				CLANG_WARN_UNREACHABLE_CODE = YES;
				CLANG_WARN__DUPLICATE_METHOD_MATCH = YES;
				COPY_PHASE_STRIP = NO;
				DEBUG_INFORMATION_FORMAT = "dwarf-with-dsym";
				ENABLE_NS_ASSERTIONS = NO;
				ENABLE_STRICT_OBJC_MSGSEND = YES;
				GCC_C_LANGUAGE_STANDARD = gnu11;
				GCC_NO_COMMON_BLOCKS = YES;
				GCC_WARN_64_TO_32_BIT_CONVERSION = YES;
				GCC_WARN_ABOUT_RETURN_TYPE = YES_ERROR;
				GCC_WARN_UNDECLARED_SELECTOR = YES;
				GCC_WARN_UNINITIALIZED_AUTOS = YES_AGGRESSIVE;
				GCC_WARN_UNUSED_FUNCTION = YES;
				GCC_WARN_UNUSED_VARIABLE = YES;
				IPHONEOS_DEPLOYMENT_TARGET = 15.0;
				MTL_ENABLE_DEBUG_INFO = NO;
				MTL_FAST_MATH = YES;
				SDKROOT = iphoneos;
				SWIFT_COMPILATION_MODE = wholemodule;
				SWIFT_OPTIMIZATION_LEVEL = "-O";
				VALIDATE_PRODUCT = YES;
			};
			name = Release;
		};
		D7FF5A782763BC4600B8181A /* Debug */ = {
			isa = XCBuildConfiguration;
			buildSettings = {
				ASSETCATALOG_COMPILER_APPICON_NAME = AppIcon;
				ASSETCATALOG_COMPILER_GLOBAL_ACCENT_COLOR_NAME = AccentColor;
				CODE_SIGN_STYLE = Automatic;
				CURRENT_PROJECT_VERSION = 1;
				GENERATE_INFOPLIST_FILE = YES;
				INFOPLIST_FILE = iTunesSearch/Info.plist;
				INFOPLIST_KEY_UIApplicationSupportsIndirectInputEvents = YES;
				INFOPLIST_KEY_UILaunchStoryboardName = LaunchScreen;
				INFOPLIST_KEY_UIMainStoryboardFile = Main;
				INFOPLIST_KEY_UISupportedInterfaceOrientations_iPad = "UIInterfaceOrientationPortrait UIInterfaceOrientationPortraitUpsideDown UIInterfaceOrientationLandscapeLeft UIInterfaceOrientationLandscapeRight";
				INFOPLIST_KEY_UISupportedInterfaceOrientations_iPhone = "UIInterfaceOrientationPortrait UIInterfaceOrientationLandscapeLeft UIInterfaceOrientationLandscapeRight";
				LD_RUNPATH_SEARCH_PATHS = (
					"$(inherited)",
					"@executable_path/Frameworks",
				);
				MARKETING_VERSION = 1.0;
				PRODUCT_BUNDLE_IDENTIFIER = com.dilekeminoglu.iTunesSearch;
				PRODUCT_NAME = "$(TARGET_NAME)";
				SWIFT_EMIT_LOC_STRINGS = YES;
				SWIFT_VERSION = 5.0;
				TARGETED_DEVICE_FAMILY = "1,2";
			};
			name = Debug;
		};
		D7FF5A792763BC4600B8181A /* Release */ = {
			isa = XCBuildConfiguration;
			buildSettings = {
				ASSETCATALOG_COMPILER_APPICON_NAME = AppIcon;
				ASSETCATALOG_COMPILER_GLOBAL_ACCENT_COLOR_NAME = AccentColor;
				CODE_SIGN_STYLE = Automatic;
				CURRENT_PROJECT_VERSION = 1;
				GENERATE_INFOPLIST_FILE = YES;
				INFOPLIST_FILE = iTunesSearch/Info.plist;
				INFOPLIST_KEY_UIApplicationSupportsIndirectInputEvents = YES;
				INFOPLIST_KEY_UILaunchStoryboardName = LaunchScreen;
				INFOPLIST_KEY_UIMainStoryboardFile = Main;
				INFOPLIST_KEY_UISupportedInterfaceOrientations_iPad = "UIInterfaceOrientationPortrait UIInterfaceOrientationPortraitUpsideDown UIInterfaceOrientationLandscapeLeft UIInterfaceOrientationLandscapeRight";
				INFOPLIST_KEY_UISupportedInterfaceOrientations_iPhone = "UIInterfaceOrientationPortrait UIInterfaceOrientationLandscapeLeft UIInterfaceOrientationLandscapeRight";
				LD_RUNPATH_SEARCH_PATHS = (
					"$(inherited)",
					"@executable_path/Frameworks",
				);
				MARKETING_VERSION = 1.0;
				PRODUCT_BUNDLE_IDENTIFIER = com.dilekeminoglu.iTunesSearch;
				PRODUCT_NAME = "$(TARGET_NAME)";
				SWIFT_EMIT_LOC_STRINGS = YES;
				SWIFT_VERSION = 5.0;
				TARGETED_DEVICE_FAMILY = "1,2";
			};
			name = Release;
		};
		D7FF5A7B2763BC4600B8181A /* Debug */ = {
			isa = XCBuildConfiguration;
			buildSettings = {
				ALWAYS_EMBED_SWIFT_STANDARD_LIBRARIES = YES;
				BUNDLE_LOADER = "$(TEST_HOST)";
				CODE_SIGN_STYLE = Automatic;
				CURRENT_PROJECT_VERSION = 1;
				GENERATE_INFOPLIST_FILE = YES;
				IPHONEOS_DEPLOYMENT_TARGET = 15.0;
				LD_RUNPATH_SEARCH_PATHS = (
					"$(inherited)",
					"@executable_path/Frameworks",
					"@loader_path/Frameworks",
				);
				MARKETING_VERSION = 1.0;
				PRODUCT_BUNDLE_IDENTIFIER = com.dilekeminoglu.iTunesSearchTests;
				PRODUCT_NAME = "$(TARGET_NAME)";
				SWIFT_EMIT_LOC_STRINGS = NO;
				SWIFT_VERSION = 5.0;
				TARGETED_DEVICE_FAMILY = "1,2";
				TEST_HOST = "$(BUILT_PRODUCTS_DIR)/iTunesSearch.app/iTunesSearch";
			};
			name = Debug;
		};
		D7FF5A7C2763BC4600B8181A /* Release */ = {
			isa = XCBuildConfiguration;
			buildSettings = {
				ALWAYS_EMBED_SWIFT_STANDARD_LIBRARIES = YES;
				BUNDLE_LOADER = "$(TEST_HOST)";
				CODE_SIGN_STYLE = Automatic;
				CURRENT_PROJECT_VERSION = 1;
				GENERATE_INFOPLIST_FILE = YES;
				IPHONEOS_DEPLOYMENT_TARGET = 15.0;
				LD_RUNPATH_SEARCH_PATHS = (
					"$(inherited)",
					"@executable_path/Frameworks",
					"@loader_path/Frameworks",
				);
				MARKETING_VERSION = 1.0;
				PRODUCT_BUNDLE_IDENTIFIER = com.dilekeminoglu.iTunesSearchTests;
				PRODUCT_NAME = "$(TARGET_NAME)";
				SWIFT_EMIT_LOC_STRINGS = NO;
				SWIFT_VERSION = 5.0;
				TARGETED_DEVICE_FAMILY = "1,2";
				TEST_HOST = "$(BUILT_PRODUCTS_DIR)/iTunesSearch.app/iTunesSearch";
			};
			name = Release;
		};
		D7FF5A7E2763BC4600B8181A /* Debug */ = {
			isa = XCBuildConfiguration;
			buildSettings = {
				ALWAYS_EMBED_SWIFT_STANDARD_LIBRARIES = YES;
				CODE_SIGN_STYLE = Automatic;
				CURRENT_PROJECT_VERSION = 1;
				GENERATE_INFOPLIST_FILE = YES;
				LD_RUNPATH_SEARCH_PATHS = (
					"$(inherited)",
					"@executable_path/Frameworks",
					"@loader_path/Frameworks",
				);
				MARKETING_VERSION = 1.0;
				PRODUCT_BUNDLE_IDENTIFIER = com.dilekeminoglu.iTunesSearchUITests;
				PRODUCT_NAME = "$(TARGET_NAME)";
				SWIFT_EMIT_LOC_STRINGS = NO;
				SWIFT_VERSION = 5.0;
				TARGETED_DEVICE_FAMILY = "1,2";
				TEST_TARGET_NAME = iTunesSearch;
			};
			name = Debug;
		};
		D7FF5A7F2763BC4600B8181A /* Release */ = {
			isa = XCBuildConfiguration;
			buildSettings = {
				ALWAYS_EMBED_SWIFT_STANDARD_LIBRARIES = YES;
				CODE_SIGN_STYLE = Automatic;
				CURRENT_PROJECT_VERSION = 1;
				GENERATE_INFOPLIST_FILE = YES;
				LD_RUNPATH_SEARCH_PATHS = (
					"$(inherited)",
					"@executable_path/Frameworks",
					"@loader_path/Frameworks",
				);
				MARKETING_VERSION = 1.0;
				PRODUCT_BUNDLE_IDENTIFIER = com.dilekeminoglu.iTunesSearchUITests;
				PRODUCT_NAME = "$(TARGET_NAME)";
				SWIFT_EMIT_LOC_STRINGS = NO;
				SWIFT_VERSION = 5.0;
				TARGETED_DEVICE_FAMILY = "1,2";
				TEST_TARGET_NAME = iTunesSearch;
			};
			name = Release;
		};
/* End XCBuildConfiguration section */

/* Begin XCConfigurationList section */
		D7FF5A482763BC4500B8181A /* Build configuration list for PBXProject "iTunesSearch" */ = {
			isa = XCConfigurationList;
			buildConfigurations = (
				D7FF5A752763BC4600B8181A /* Debug */,
				D7FF5A762763BC4600B8181A /* Release */,
			);
			defaultConfigurationIsVisible = 0;
			defaultConfigurationName = Release;
		};
		D7FF5A772763BC4600B8181A /* Build configuration list for PBXNativeTarget "iTunesSearch" */ = {
			isa = XCConfigurationList;
			buildConfigurations = (
				D7FF5A782763BC4600B8181A /* Debug */,
				D7FF5A792763BC4600B8181A /* Release */,
			);
			defaultConfigurationIsVisible = 0;
			defaultConfigurationName = Release;
		};
		D7FF5A7A2763BC4600B8181A /* Build configuration list for PBXNativeTarget "iTunesSearchTests" */ = {
			isa = XCConfigurationList;
			buildConfigurations = (
				D7FF5A7B2763BC4600B8181A /* Debug */,
				D7FF5A7C2763BC4600B8181A /* Release */,
			);
			defaultConfigurationIsVisible = 0;
			defaultConfigurationName = Release;
		};
		D7FF5A7D2763BC4600B8181A /* Build configuration list for PBXNativeTarget "iTunesSearchUITests" */ = {
			isa = XCConfigurationList;
			buildConfigurations = (
				D7FF5A7E2763BC4600B8181A /* Debug */,
				D7FF5A7F2763BC4600B8181A /* Release */,
			);
			defaultConfigurationIsVisible = 0;
			defaultConfigurationName = Release;
		};
/* End XCConfigurationList section */
	};
	rootObject = D7FF5A452763BC4500B8181A /* Project object */;
}
